
Microsoft Visual Studio Solution File, Format Version 12.00
# Visual Studio 15
VisualStudioVersion = 15.0.26124.0
MinimumVisualStudioVersion = 15.0.26124.0
Project("{FAE04EC0-301F-11D3-BF4B-00C04F79EFBC}") = "ValueObjectConstraints", "ValueObjectConstraints\ValueObjectConstraints.csproj", "{381C696D-8018-449F-B841-DA7CD6F822EE}"
EndProject
Project("{FAE04EC0-301F-11D3-BF4B-00C04F79EFBC}") = "AssertionConstraints", "AssertionConstraints\AssertionConstraints.csproj", "{00BC7A2D-28F9-4A53-973F-2C632A4E4546}"
EndProject
Project("{FAE04EC0-301F-11D3-BF4B-00C04F79EFBC}") = "CommonTypes", "CommonTypes\CommonTypes.csproj", "{43442D8A-E67C-44DD-9F60-70D3E036A9DF}"
EndProject
Project("{FAE04EC0-301F-11D3-BF4B-00C04F79EFBC}") = "ConstructorRetrieval", "ConstructorRetrieval\ConstructorRetrieval.csproj", "{55050198-28E5-4DF8-A1EC-F5B68905F18F}"
EndProject
Project("{FAE04EC0-301F-11D3-BF4B-00C04F79EFBC}") = "EqualityAssertions", "EqualityAssertions\EqualityAssertions.csproj", "{58C7D60B-F9C8-41A2-A9F9-376B54A00F87}"
EndProject
Project("{FAE04EC0-301F-11D3-BF4B-00C04F79EFBC}") = "GraphAssertions", "GraphAssertions\GraphAssertions.csproj", "{B24C5AED-5B8A-4E91-8E45-72E7A30BB87D}"
EndProject
Project("{FAE04EC0-301F-11D3-BF4B-00C04F79EFBC}") = "LockAssertions", "LockAssertions\LockAssertions.csproj", "{5A8F338C-E2EC-44EF-B073-430CB7A89F4F}"
EndProject
Project("{FAE04EC0-301F-11D3-BF4B-00C04F79EFBC}") = "NSubstituteExtensions", "NSubstituteExtensions\NSubstituteExtensions.csproj", "{304602FE-F533-4D81-9EB1-07CAC3BBA1BF}"
EndProject
Project("{FAE04EC0-301F-11D3-BF4B-00C04F79EFBC}") = "ReflectionAssertions", "ReflectionAssertions\ReflectionAssertions.csproj", "{F46FA367-663D-4B6C-B3F3-B5930B917BD3}"
EndProject
Project("{FAE04EC0-301F-11D3-BF4B-00C04F79EFBC}") = "Root", "Root\Root.csproj", "{F7A50561-BD32-46FA-8443-AD7B3BA91C42}"
EndProject
Project("{FAE04EC0-301F-11D3-BF4B-00C04F79EFBC}") = "TypeReflection", "TypeReflection\TypeReflection.csproj", "{46C5803D-BE8B-4A9E-A5FC-217F728CAEE0}"
EndProject
Project("{FAE04EC0-301F-11D3-BF4B-00C04F79EFBC}") = "TypeResolution", "TypeResolution\TypeResolution.csproj", "{1BB3F02A-A544-4CC2-99C0-4721E684C36D}"
EndProject
Project("{FAE04EC0-301F-11D3-BF4B-00C04F79EFBC}") = "TypeReflection.Interfaces", "TypeReflection.Interfaces\TypeReflection.Interfaces.csproj", "{682C6A7C-D78A-41C6-A3FA-6480A0B05A9A}"
EndProject
Project("{FAE04EC0-301F-11D3-BF4B-00C04F79EFBC}") = "TypeReflection.ImplementationDetails", "TypeReflection.ImplementationDetails\TypeReflection.ImplementationDetails.csproj", "{78FEA584-3C08-4D01-B02F-DB76F35A4391}"
EndProject
Project("{FAE04EC0-301F-11D3-BF4B-00C04F79EFBC}") = "ValueActivation", "ValueActivation\ValueActivation.csproj", "{0790B8BD-2942-4A57-A894-59B648CC8AA8}"
EndProject
Global
	GlobalSection(SolutionConfigurationPlatforms) = preSolution
		Debug|Any CPU = Debug|Any CPU
		Debug|x64 = Debug|x64
		Debug|x86 = Debug|x86
		Release|Any CPU = Release|Any CPU
		Release|x64 = Release|x64
		Release|x86 = Release|x86
	EndGlobalSection
	GlobalSection(SolutionProperties) = preSolution
		HideSolutionNode = FALSE
	EndGlobalSection
	GlobalSection(ProjectConfigurationPlatforms) = postSolution
		{381C696D-8018-449F-B841-DA7CD6F822EE}.Debug|Any CPU.ActiveCfg = Debug|Any CPU
		{381C696D-8018-449F-B841-DA7CD6F822EE}.Debug|Any CPU.Build.0 = Debug|Any CPU
		{381C696D-8018-449F-B841-DA7CD6F822EE}.Debug|x64.ActiveCfg = Debug|Any CPU
		{381C696D-8018-449F-B841-DA7CD6F822EE}.Debug|x64.Build.0 = Debug|Any CPU
		{381C696D-8018-449F-B841-DA7CD6F822EE}.Debug|x86.ActiveCfg = Debug|Any CPU
		{381C696D-8018-449F-B841-DA7CD6F822EE}.Debug|x86.Build.0 = Debug|Any CPU
		{381C696D-8018-449F-B841-DA7CD6F822EE}.Release|Any CPU.ActiveCfg = Release|Any CPU
		{381C696D-8018-449F-B841-DA7CD6F822EE}.Release|Any CPU.Build.0 = Release|Any CPU
		{381C696D-8018-449F-B841-DA7CD6F822EE}.Release|x64.ActiveCfg = Release|Any CPU
		{381C696D-8018-449F-B841-DA7CD6F822EE}.Release|x64.Build.0 = Release|Any CPU
		{381C696D-8018-449F-B841-DA7CD6F822EE}.Release|x86.ActiveCfg = Release|Any CPU
		{381C696D-8018-449F-B841-DA7CD6F822EE}.Release|x86.Build.0 = Release|Any CPU
		{00BC7A2D-28F9-4A53-973F-2C632A4E4546}.Debug|Any CPU.ActiveCfg = Debug|Any CPU
		{00BC7A2D-28F9-4A53-973F-2C632A4E4546}.Debug|Any CPU.Build.0 = Debug|Any CPU
		{00BC7A2D-28F9-4A53-973F-2C632A4E4546}.Debug|x64.ActiveCfg = Debug|Any CPU
		{00BC7A2D-28F9-4A53-973F-2C632A4E4546}.Debug|x64.Build.0 = Debug|Any CPU
		{00BC7A2D-28F9-4A53-973F-2C632A4E4546}.Debug|x86.ActiveCfg = Debug|Any CPU
		{00BC7A2D-28F9-4A53-973F-2C632A4E4546}.Debug|x86.Build.0 = Debug|Any CPU
		{00BC7A2D-28F9-4A53-973F-2C632A4E4546}.Release|Any CPU.ActiveCfg = Release|Any CPU
		{00BC7A2D-28F9-4A53-973F-2C632A4E4546}.Release|Any CPU.Build.0 = Release|Any CPU
		{00BC7A2D-28F9-4A53-973F-2C632A4E4546}.Release|x64.ActiveCfg = Release|Any CPU
		{00BC7A2D-28F9-4A53-973F-2C632A4E4546}.Release|x64.Build.0 = Release|Any CPU
		{00BC7A2D-28F9-4A53-973F-2C632A4E4546}.Release|x86.ActiveCfg = Release|Any CPU
		{00BC7A2D-28F9-4A53-973F-2C632A4E4546}.Release|x86.Build.0 = Release|Any CPU
		{43442D8A-E67C-44DD-9F60-70D3E036A9DF}.Debug|Any CPU.ActiveCfg = Debug|Any CPU
		{43442D8A-E67C-44DD-9F60-70D3E036A9DF}.Debug|Any CPU.Build.0 = Debug|Any CPU
		{43442D8A-E67C-44DD-9F60-70D3E036A9DF}.Debug|x64.ActiveCfg = Debug|Any CPU
		{43442D8A-E67C-44DD-9F60-70D3E036A9DF}.Debug|x64.Build.0 = Debug|Any CPU
		{43442D8A-E67C-44DD-9F60-70D3E036A9DF}.Debug|x86.ActiveCfg = Debug|Any CPU
		{43442D8A-E67C-44DD-9F60-70D3E036A9DF}.Debug|x86.Build.0 = Debug|Any CPU
		{43442D8A-E67C-44DD-9F60-70D3E036A9DF}.Release|Any CPU.ActiveCfg = Release|Any CPU
		{43442D8A-E67C-44DD-9F60-70D3E036A9DF}.Release|Any CPU.Build.0 = Release|Any CPU
		{43442D8A-E67C-44DD-9F60-70D3E036A9DF}.Release|x64.ActiveCfg = Release|Any CPU
		{43442D8A-E67C-44DD-9F60-70D3E036A9DF}.Release|x64.Build.0 = Release|Any CPU
		{43442D8A-E67C-44DD-9F60-70D3E036A9DF}.Release|x86.ActiveCfg = Release|Any CPU
		{43442D8A-E67C-44DD-9F60-70D3E036A9DF}.Release|x86.Build.0 = Release|Any CPU
		{55050198-28E5-4DF8-A1EC-F5B68905F18F}.Debug|Any CPU.ActiveCfg = Debug|Any CPU
		{55050198-28E5-4DF8-A1EC-F5B68905F18F}.Debug|Any CPU.Build.0 = Debug|Any CPU
		{55050198-28E5-4DF8-A1EC-F5B68905F18F}.Debug|x64.ActiveCfg = Debug|Any CPU
		{55050198-28E5-4DF8-A1EC-F5B68905F18F}.Debug|x64.Build.0 = Debug|Any CPU
		{55050198-28E5-4DF8-A1EC-F5B68905F18F}.Debug|x86.ActiveCfg = Debug|Any CPU
		{55050198-28E5-4DF8-A1EC-F5B68905F18F}.Debug|x86.Build.0 = Debug|Any CPU
		{55050198-28E5-4DF8-A1EC-F5B68905F18F}.Release|Any CPU.ActiveCfg = Release|Any CPU
		{55050198-28E5-4DF8-A1EC-F5B68905F18F}.Release|Any CPU.Build.0 = Release|Any CPU
		{55050198-28E5-4DF8-A1EC-F5B68905F18F}.Release|x64.ActiveCfg = Release|Any CPU
		{55050198-28E5-4DF8-A1EC-F5B68905F18F}.Release|x64.Build.0 = Release|Any CPU
		{55050198-28E5-4DF8-A1EC-F5B68905F18F}.Release|x86.ActiveCfg = Release|Any CPU
		{55050198-28E5-4DF8-A1EC-F5B68905F18F}.Release|x86.Build.0 = Release|Any CPU
		{58C7D60B-F9C8-41A2-A9F9-376B54A00F87}.Debug|Any CPU.ActiveCfg = Debug|Any CPU
		{58C7D60B-F9C8-41A2-A9F9-376B54A00F87}.Debug|Any CPU.Build.0 = Debug|Any CPU
		{58C7D60B-F9C8-41A2-A9F9-376B54A00F87}.Debug|x64.ActiveCfg = Debug|Any CPU
		{58C7D60B-F9C8-41A2-A9F9-376B54A00F87}.Debug|x64.Build.0 = Debug|Any CPU
		{58C7D60B-F9C8-41A2-A9F9-376B54A00F87}.Debug|x86.ActiveCfg = Debug|Any CPU
		{58C7D60B-F9C8-41A2-A9F9-376B54A00F87}.Debug|x86.Build.0 = Debug|Any CPU
		{58C7D60B-F9C8-41A2-A9F9-376B54A00F87}.Release|Any CPU.ActiveCfg = Release|Any CPU
		{58C7D60B-F9C8-41A2-A9F9-376B54A00F87}.Release|Any CPU.Build.0 = Release|Any CPU
		{58C7D60B-F9C8-41A2-A9F9-376B54A00F87}.Release|x64.ActiveCfg = Release|Any CPU
		{58C7D60B-F9C8-41A2-A9F9-376B54A00F87}.Release|x64.Build.0 = Release|Any CPU
		{58C7D60B-F9C8-41A2-A9F9-376B54A00F87}.Release|x86.ActiveCfg = Release|Any CPU
		{58C7D60B-F9C8-41A2-A9F9-376B54A00F87}.Release|x86.Build.0 = Release|Any CPU
		{B24C5AED-5B8A-4E91-8E45-72E7A30BB87D}.Debug|Any CPU.ActiveCfg = Debug|Any CPU
		{B24C5AED-5B8A-4E91-8E45-72E7A30BB87D}.Debug|Any CPU.Build.0 = Debug|Any CPU
		{B24C5AED-5B8A-4E91-8E45-72E7A30BB87D}.Debug|x64.ActiveCfg = Debug|Any CPU
		{B24C5AED-5B8A-4E91-8E45-72E7A30BB87D}.Debug|x64.Build.0 = Debug|Any CPU
		{B24C5AED-5B8A-4E91-8E45-72E7A30BB87D}.Debug|x86.ActiveCfg = Debug|Any CPU
		{B24C5AED-5B8A-4E91-8E45-72E7A30BB87D}.Debug|x86.Build.0 = Debug|Any CPU
		{B24C5AED-5B8A-4E91-8E45-72E7A30BB87D}.Release|Any CPU.ActiveCfg = Release|Any CPU
		{B24C5AED-5B8A-4E91-8E45-72E7A30BB87D}.Release|Any CPU.Build.0 = Release|Any CPU
		{B24C5AED-5B8A-4E91-8E45-72E7A30BB87D}.Release|x64.ActiveCfg = Release|Any CPU
		{B24C5AED-5B8A-4E91-8E45-72E7A30BB87D}.Release|x64.Build.0 = Release|Any CPU
		{B24C5AED-5B8A-4E91-8E45-72E7A30BB87D}.Release|x86.ActiveCfg = Release|Any CPU
		{B24C5AED-5B8A-4E91-8E45-72E7A30BB87D}.Release|x86.Build.0 = Release|Any CPU
		{5A8F338C-E2EC-44EF-B073-430CB7A89F4F}.Debug|Any CPU.ActiveCfg = Debug|Any CPU
		{5A8F338C-E2EC-44EF-B073-430CB7A89F4F}.Debug|Any CPU.Build.0 = Debug|Any CPU
		{5A8F338C-E2EC-44EF-B073-430CB7A89F4F}.Debug|x64.ActiveCfg = Debug|Any CPU
		{5A8F338C-E2EC-44EF-B073-430CB7A89F4F}.Debug|x64.Build.0 = Debug|Any CPU
		{5A8F338C-E2EC-44EF-B073-430CB7A89F4F}.Debug|x86.ActiveCfg = Debug|Any CPU
		{5A8F338C-E2EC-44EF-B073-430CB7A89F4F}.Debug|x86.Build.0 = Debug|Any CPU
		{5A8F338C-E2EC-44EF-B073-430CB7A89F4F}.Release|Any CPU.ActiveCfg = Release|Any CPU
		{5A8F338C-E2EC-44EF-B073-430CB7A89F4F}.Release|Any CPU.Build.0 = Release|Any CPU
		{5A8F338C-E2EC-44EF-B073-430CB7A89F4F}.Release|x64.ActiveCfg = Release|Any CPU
		{5A8F338C-E2EC-44EF-B073-430CB7A89F4F}.Release|x64.Build.0 = Release|Any CPU
		{5A8F338C-E2EC-44EF-B073-430CB7A89F4F}.Release|x86.ActiveCfg = Release|Any CPU
		{5A8F338C-E2EC-44EF-B073-430CB7A89F4F}.Release|x86.Build.0 = Release|Any CPU
		{304602FE-F533-4D81-9EB1-07CAC3BBA1BF}.Debug|Any CPU.ActiveCfg = Debug|Any CPU
		{304602FE-F533-4D81-9EB1-07CAC3BBA1BF}.Debug|Any CPU.Build.0 = Debug|Any CPU
		{304602FE-F533-4D81-9EB1-07CAC3BBA1BF}.Debug|x64.ActiveCfg = Debug|Any CPU
		{304602FE-F533-4D81-9EB1-07CAC3BBA1BF}.Debug|x64.Build.0 = Debug|Any CPU
		{304602FE-F533-4D81-9EB1-07CAC3BBA1BF}.Debug|x86.ActiveCfg = Debug|Any CPU
		{304602FE-F533-4D81-9EB1-07CAC3BBA1BF}.Debug|x86.Build.0 = Debug|Any CPU
		{304602FE-F533-4D81-9EB1-07CAC3BBA1BF}.Release|Any CPU.ActiveCfg = Release|Any CPU
		{304602FE-F533-4D81-9EB1-07CAC3BBA1BF}.Release|Any CPU.Build.0 = Release|Any CPU
		{304602FE-F533-4D81-9EB1-07CAC3BBA1BF}.Release|x64.ActiveCfg = Release|Any CPU
		{304602FE-F533-4D81-9EB1-07CAC3BBA1BF}.Release|x64.Build.0 = Release|Any CPU
		{304602FE-F533-4D81-9EB1-07CAC3BBA1BF}.Release|x86.ActiveCfg = Release|Any CPU
		{304602FE-F533-4D81-9EB1-07CAC3BBA1BF}.Release|x86.Build.0 = Release|Any CPU
		{F46FA367-663D-4B6C-B3F3-B5930B917BD3}.Debug|Any CPU.ActiveCfg = Debug|Any CPU
		{F46FA367-663D-4B6C-B3F3-B5930B917BD3}.Debug|Any CPU.Build.0 = Debug|Any CPU
		{F46FA367-663D-4B6C-B3F3-B5930B917BD3}.Debug|x64.ActiveCfg = Debug|Any CPU
		{F46FA367-663D-4B6C-B3F3-B5930B917BD3}.Debug|x64.Build.0 = Debug|Any CPU
		{F46FA367-663D-4B6C-B3F3-B5930B917BD3}.Debug|x86.ActiveCfg = Debug|Any CPU
		{F46FA367-663D-4B6C-B3F3-B5930B917BD3}.Debug|x86.Build.0 = Debug|Any CPU
		{F46FA367-663D-4B6C-B3F3-B5930B917BD3}.Release|Any CPU.ActiveCfg = Release|Any CPU
		{F46FA367-663D-4B6C-B3F3-B5930B917BD3}.Release|Any CPU.Build.0 = Release|Any CPU
		{F46FA367-663D-4B6C-B3F3-B5930B917BD3}.Release|x64.ActiveCfg = Release|Any CPU
		{F46FA367-663D-4B6C-B3F3-B5930B917BD3}.Release|x64.Build.0 = Release|Any CPU
		{F46FA367-663D-4B6C-B3F3-B5930B917BD3}.Release|x86.ActiveCfg = Release|Any CPU
		{F46FA367-663D-4B6C-B3F3-B5930B917BD3}.Release|x86.Build.0 = Release|Any CPU
		{F7A50561-BD32-46FA-8443-AD7B3BA91C42}.Debug|Any CPU.ActiveCfg = Debug|Any CPU
		{F7A50561-BD32-46FA-8443-AD7B3BA91C42}.Debug|Any CPU.Build.0 = Debug|Any CPU
		{F7A50561-BD32-46FA-8443-AD7B3BA91C42}.Debug|x64.ActiveCfg = Debug|Any CPU
		{F7A50561-BD32-46FA-8443-AD7B3BA91C42}.Debug|x64.Build.0 = Debug|Any CPU
		{F7A50561-BD32-46FA-8443-AD7B3BA91C42}.Debug|x86.ActiveCfg = Debug|Any CPU
		{F7A50561-BD32-46FA-8443-AD7B3BA91C42}.Debug|x86.Build.0 = Debug|Any CPU
		{F7A50561-BD32-46FA-8443-AD7B3BA91C42}.Release|Any CPU.ActiveCfg = Release|Any CPU
		{F7A50561-BD32-46FA-8443-AD7B3BA91C42}.Release|Any CPU.Build.0 = Release|Any CPU
		{F7A50561-BD32-46FA-8443-AD7B3BA91C42}.Release|x64.ActiveCfg = Release|Any CPU
		{F7A50561-BD32-46FA-8443-AD7B3BA91C42}.Release|x64.Build.0 = Release|Any CPU
		{F7A50561-BD32-46FA-8443-AD7B3BA91C42}.Release|x86.ActiveCfg = Release|Any CPU
		{F7A50561-BD32-46FA-8443-AD7B3BA91C42}.Release|x86.Build.0 = Release|Any CPU
		{46C5803D-BE8B-4A9E-A5FC-217F728CAEE0}.Debug|Any CPU.ActiveCfg = Debug|Any CPU
		{46C5803D-BE8B-4A9E-A5FC-217F728CAEE0}.Debug|Any CPU.Build.0 = Debug|Any CPU
		{46C5803D-BE8B-4A9E-A5FC-217F728CAEE0}.Debug|x64.ActiveCfg = Debug|Any CPU
		{46C5803D-BE8B-4A9E-A5FC-217F728CAEE0}.Debug|x64.Build.0 = Debug|Any CPU
		{46C5803D-BE8B-4A9E-A5FC-217F728CAEE0}.Debug|x86.ActiveCfg = Debug|Any CPU
		{46C5803D-BE8B-4A9E-A5FC-217F728CAEE0}.Debug|x86.Build.0 = Debug|Any CPU
		{46C5803D-BE8B-4A9E-A5FC-217F728CAEE0}.Release|Any CPU.ActiveCfg = Release|Any CPU
		{46C5803D-BE8B-4A9E-A5FC-217F728CAEE0}.Release|Any CPU.Build.0 = Release|Any CPU
		{46C5803D-BE8B-4A9E-A5FC-217F728CAEE0}.Release|x64.ActiveCfg = Release|Any CPU
		{46C5803D-BE8B-4A9E-A5FC-217F728CAEE0}.Release|x64.Build.0 = Release|Any CPU
		{46C5803D-BE8B-4A9E-A5FC-217F728CAEE0}.Release|x86.ActiveCfg = Release|Any CPU
		{46C5803D-BE8B-4A9E-A5FC-217F728CAEE0}.Release|x86.Build.0 = Release|Any CPU
		{1BB3F02A-A544-4CC2-99C0-4721E684C36D}.Debug|Any CPU.ActiveCfg = Debug|Any CPU
		{1BB3F02A-A544-4CC2-99C0-4721E684C36D}.Debug|Any CPU.Build.0 = Debug|Any CPU
		{1BB3F02A-A544-4CC2-99C0-4721E684C36D}.Debug|x64.ActiveCfg = Debug|Any CPU
		{1BB3F02A-A544-4CC2-99C0-4721E684C36D}.Debug|x64.Build.0 = Debug|Any CPU
		{1BB3F02A-A544-4CC2-99C0-4721E684C36D}.Debug|x86.ActiveCfg = Debug|Any CPU
		{1BB3F02A-A544-4CC2-99C0-4721E684C36D}.Debug|x86.Build.0 = Debug|Any CPU
		{1BB3F02A-A544-4CC2-99C0-4721E684C36D}.Release|Any CPU.ActiveCfg = Release|Any CPU
		{1BB3F02A-A544-4CC2-99C0-4721E684C36D}.Release|Any CPU.Build.0 = Release|Any CPU
		{1BB3F02A-A544-4CC2-99C0-4721E684C36D}.Release|x64.ActiveCfg = Release|Any CPU
		{1BB3F02A-A544-4CC2-99C0-4721E684C36D}.Release|x64.Build.0 = Release|Any CPU
		{1BB3F02A-A544-4CC2-99C0-4721E684C36D}.Release|x86.ActiveCfg = Release|Any CPU
		{1BB3F02A-A544-4CC2-99C0-4721E684C36D}.Release|x86.Build.0 = Release|Any CPU
		{682C6A7C-D78A-41C6-A3FA-6480A0B05A9A}.Debug|Any CPU.ActiveCfg = Debug|Any CPU
		{682C6A7C-D78A-41C6-A3FA-6480A0B05A9A}.Debug|Any CPU.Build.0 = Debug|Any CPU
		{682C6A7C-D78A-41C6-A3FA-6480A0B05A9A}.Debug|x64.ActiveCfg = Debug|Any CPU
		{682C6A7C-D78A-41C6-A3FA-6480A0B05A9A}.Debug|x64.Build.0 = Debug|Any CPU
		{682C6A7C-D78A-41C6-A3FA-6480A0B05A9A}.Debug|x86.ActiveCfg = Debug|Any CPU
		{682C6A7C-D78A-41C6-A3FA-6480A0B05A9A}.Debug|x86.Build.0 = Debug|Any CPU
		{682C6A7C-D78A-41C6-A3FA-6480A0B05A9A}.Release|Any CPU.ActiveCfg = Release|Any CPU
		{682C6A7C-D78A-41C6-A3FA-6480A0B05A9A}.Release|Any CPU.Build.0 = Release|Any CPU
		{682C6A7C-D78A-41C6-A3FA-6480A0B05A9A}.Release|x64.ActiveCfg = Release|Any CPU
		{682C6A7C-D78A-41C6-A3FA-6480A0B05A9A}.Release|x64.Build.0 = Release|Any CPU
		{682C6A7C-D78A-41C6-A3FA-6480A0B05A9A}.Release|x86.ActiveCfg = Release|Any CPU
		{682C6A7C-D78A-41C6-A3FA-6480A0B05A9A}.Release|x86.Build.0 = Release|Any CPU
		{78FEA584-3C08-4D01-B02F-DB76F35A4391}.Debug|Any CPU.ActiveCfg = Debug|Any CPU
		{78FEA584-3C08-4D01-B02F-DB76F35A4391}.Debug|Any CPU.Build.0 = Debug|Any CPU
		{78FEA584-3C08-4D01-B02F-DB76F35A4391}.Debug|x64.ActiveCfg = Debug|Any CPU
		{78FEA584-3C08-4D01-B02F-DB76F35A4391}.Debug|x64.Build.0 = Debug|Any CPU
		{78FEA584-3C08-4D01-B02F-DB76F35A4391}.Debug|x86.ActiveCfg = Debug|Any CPU
		{78FEA584-3C08-4D01-B02F-DB76F35A4391}.Debug|x86.Build.0 = Debug|Any CPU
		{78FEA584-3C08-4D01-B02F-DB76F35A4391}.Release|Any CPU.ActiveCfg = Release|Any CPU
		{78FEA584-3C08-4D01-B02F-DB76F35A4391}.Release|Any CPU.Build.0 = Release|Any CPU
		{78FEA584-3C08-4D01-B02F-DB76F35A4391}.Release|x64.ActiveCfg = Release|Any CPU
		{78FEA584-3C08-4D01-B02F-DB76F35A4391}.Release|x64.Build.0 = Release|Any CPU
		{78FEA584-3C08-4D01-B02F-DB76F35A4391}.Release|x86.ActiveCfg = Release|Any CPU
		{78FEA584-3C08-4D01-B02F-DB76F35A4391}.Release|x86.Build.0 = Release|Any CPU
		{0790B8BD-2942-4A57-A894-59B648CC8AA8}.Debug|Any CPU.ActiveCfg = Debug|Any CPU
		{0790B8BD-2942-4A57-A894-59B648CC8AA8}.Debug|Any CPU.Build.0 = Debug|Any CPU
		{0790B8BD-2942-4A57-A894-59B648CC8AA8}.Debug|x64.ActiveCfg = Debug|Any CPU
		{0790B8BD-2942-4A57-A894-59B648CC8AA8}.Debug|x64.Build.0 = Debug|Any CPU
		{0790B8BD-2942-4A57-A894-59B648CC8AA8}.Debug|x86.ActiveCfg = Debug|Any CPU
		{0790B8BD-2942-4A57-A894-59B648CC8AA8}.Debug|x86.Build.0 = Debug|Any CPU
		{0790B8BD-2942-4A57-A894-59B648CC8AA8}.Release|Any CPU.ActiveCfg = Release|Any CPU
		{0790B8BD-2942-4A57-A894-59B648CC8AA8}.Release|Any CPU.Build.0 = Release|Any CPU
		{0790B8BD-2942-4A57-A894-59B648CC8AA8}.Release|x64.ActiveCfg = Release|Any CPU
		{0790B8BD-2942-4A57-A894-59B648CC8AA8}.Release|x64.Build.0 = Release|Any CPU
		{0790B8BD-2942-4A57-A894-59B648CC8AA8}.Release|x86.ActiveCfg = Release|Any CPU
		{0790B8BD-2942-4A57-A894-59B648CC8AA8}.Release|x86.Build.0 = Release|Any CPU
	EndGlobalSection
EndGlobal
