
Microsoft Visual Studio Solution File, Format Version 12.00
# Visual Studio 15
VisualStudioVersion = 15.0.26124.0
MinimumVisualStudioVersion = 15.0.26124.0
Project("{9A19103F-16F7-4668-BE54-9A1E7A4F7556}") = "ValueObjectConstraints", "ValueObjectConstraints\ValueObjectConstraints.csproj", "{381C696D-8018-449F-B841-DA7CD6F822EE}"
EndProject
Project("{9A19103F-16F7-4668-BE54-9A1E7A4F7556}") = "AssertionConstraints", "AssertionConstraints\AssertionConstraints.csproj", "{00BC7A2D-28F9-4A53-973F-2C632A4E4546}"
EndProject
Project("{9A19103F-16F7-4668-BE54-9A1E7A4F7556}") = "CommonTypes", "CommonTypes\CommonTypes.csproj", "{43442D8A-E67C-44DD-9F60-70D3E036A9DF}"
EndProject
Project("{9A19103F-16F7-4668-BE54-9A1E7A4F7556}") = "ConstructorRetrieval", "ConstructorRetrieval\ConstructorRetrieval.csproj", "{55050198-28E5-4DF8-A1EC-F5B68905F18F}"
EndProject
Project("{9A19103F-16F7-4668-BE54-9A1E7A4F7556}") = "EqualityAssertions", "EqualityAssertions\EqualityAssertions.csproj", "{58C7D60B-F9C8-41A2-A9F9-376B54A00F87}"
EndProject
Project("{9A19103F-16F7-4668-BE54-9A1E7A4F7556}") = "GraphAssertions", "GraphAssertions\GraphAssertions.csproj", "{B24C5AED-5B8A-4E91-8E45-72E7A30BB87D}"
EndProject
Project("{9A19103F-16F7-4668-BE54-9A1E7A4F7556}") = "LockAssertions", "LockAssertions\LockAssertions.csproj", "{5A8F338C-E2EC-44EF-B073-430CB7A89F4F}"
EndProject
Project("{9A19103F-16F7-4668-BE54-9A1E7A4F7556}") = "ReflectionAssertions", "ReflectionAssertions\ReflectionAssertions.csproj", "{F46FA367-663D-4B6C-B3F3-B5930B917BD3}"
EndProject
Project("{9A19103F-16F7-4668-BE54-9A1E7A4F7556}") = "Root", "Root\Root.csproj", "{F7A50561-BD32-46FA-8443-AD7B3BA91C42}"
EndProject
Project("{9A19103F-16F7-4668-BE54-9A1E7A4F7556}") = "TypeReflection", "TypeReflection\TypeReflection.csproj", "{46C5803D-BE8B-4A9E-A5FC-217F728CAEE0}"
EndProject
Project("{9A19103F-16F7-4668-BE54-9A1E7A4F7556}") = "TypeReflection.Interfaces", "TypeReflection.Interfaces\TypeReflection.Interfaces.csproj", "{682C6A7C-D78A-41C6-A3FA-6480A0B05A9A}"
EndProject
Project("{9A19103F-16F7-4668-BE54-9A1E7A4F7556}") = "TypeReflection.ImplementationDetails", "TypeReflection.ImplementationDetails\TypeReflection.ImplementationDetails.csproj", "{78FEA584-3C08-4D01-B02F-DB76F35A4391}"
EndProject
Project("{9A19103F-16F7-4668-BE54-9A1E7A4F7556}") = "ValueActivation", "ValueActivation\ValueActivation.csproj", "{0790B8BD-2942-4A57-A894-59B648CC8AA8}"
EndProject
Project("{9A19103F-16F7-4668-BE54-9A1E7A4F7556}") = "EndToEndSpecification", "EndToEndSpecification\EndToEndSpecification.csproj", "{1897702A-E831-4ECC-B016-85F6C4FACBE6}"
EndProject
Project("{9A19103F-16F7-4668-BE54-9A1E7A4F7556}") = "TypeReflectionSpecification", "TypeReflectionSpecification\TypeReflectionSpecification.csproj", "{7266FEB7-73EE-4E20-8350-18E2D770172F}"
EndProject
Project("{9A19103F-16F7-4668-BE54-9A1E7A4F7556}") = "AssertionConstraintsSpecification", "AssertionConstraintsSpecification\AssertionConstraintsSpecification.csproj", "{D5D70FFC-CA57-43DF-BF8D-352AC5424800}"
EndProject
Project("{2150E333-8FDC-42A3-9474-1A3956D46DE8}") = "SolutionItems", "SolutionItems", "{477401E3-8233-4EEF-BF11-9A242AE1104D}"
	ProjectSection(SolutionItems) = preProject
		..\..\build.cake = ..\..\build.cake
		..\..\build.ps1 = ..\..\build.ps1
		..\..\build.sh = ..\..\build.sh
		..\..\LICENSE = ..\..\LICENSE
		..\..\README.md = ..\..\README.md
		..\..\XFluentAssert.nuspec = ..\..\XFluentAssert.nuspec
	EndProjectSection
EndProject
Project("{2150E333-8FDC-42A3-9474-1A3956D46DE8}") = "TestApps", "TestApps", "{AEA2CC44-C28C-44B9-8973-FAFE8195992E}"
EndProject
Project("{9A19103F-16F7-4668-BE54-9A1E7A4F7556}") = "DotNetCore2.0TestApp", "DotNetCore2.0TestApp\DotNetCore2.0TestApp.csproj", "{8E5DE007-B78B-41BB-947D-18E8A41019A4}"
EndProject
Global
	GlobalSection(SolutionConfigurationPlatforms) = preSolution
		Debug|Any CPU = Debug|Any CPU
		Debug|x64 = Debug|x64
		Debug|x86 = Debug|x86
		Release|Any CPU = Release|Any CPU
		Release|x64 = Release|x64
		Release|x86 = Release|x86
	EndGlobalSection
	GlobalSection(ProjectConfigurationPlatforms) = postSolution
		{381C696D-8018-449F-B841-DA7CD6F822EE}.Debug|Any CPU.ActiveCfg = Debug|Any CPU
		{381C696D-8018-449F-B841-DA7CD6F822EE}.Debug|Any CPU.Build.0 = Debug|Any CPU
		{381C696D-8018-449F-B841-DA7CD6F822EE}.Debug|x64.ActiveCfg = Debug|Any CPU
		{381C696D-8018-449F-B841-DA7CD6F822EE}.Debug|x64.Build.0 = Debug|Any CPU
		{381C696D-8018-449F-B841-DA7CD6F822EE}.Debug|x86.ActiveCfg = Debug|Any CPU
		{381C696D-8018-449F-B841-DA7CD6F822EE}.Debug|x86.Build.0 = Debug|Any CPU
		{381C696D-8018-449F-B841-DA7CD6F822EE}.Release|Any CPU.ActiveCfg = Release|Any CPU
		{381C696D-8018-449F-B841-DA7CD6F822EE}.Release|Any CPU.Build.0 = Release|Any CPU
		{381C696D-8018-449F-B841-DA7CD6F822EE}.Release|x64.ActiveCfg = Release|Any CPU
		{381C696D-8018-449F-B841-DA7CD6F822EE}.Release|x64.Build.0 = Release|Any CPU
		{381C696D-8018-449F-B841-DA7CD6F822EE}.Release|x86.ActiveCfg = Release|Any CPU
		{381C696D-8018-449F-B841-DA7CD6F822EE}.Release|x86.Build.0 = Release|Any CPU
		{00BC7A2D-28F9-4A53-973F-2C632A4E4546}.Debug|Any CPU.ActiveCfg = Debug|Any CPU
		{00BC7A2D-28F9-4A53-973F-2C632A4E4546}.Debug|Any CPU.Build.0 = Debug|Any CPU
		{00BC7A2D-28F9-4A53-973F-2C632A4E4546}.Debug|x64.ActiveCfg = Debug|Any CPU
		{00BC7A2D-28F9-4A53-973F-2C632A4E4546}.Debug|x64.Build.0 = Debug|Any CPU
		{00BC7A2D-28F9-4A53-973F-2C632A4E4546}.Debug|x86.ActiveCfg = Debug|Any CPU
		{00BC7A2D-28F9-4A53-973F-2C632A4E4546}.Debug|x86.Build.0 = Debug|Any CPU
		{00BC7A2D-28F9-4A53-973F-2C632A4E4546}.Release|Any CPU.ActiveCfg = Release|Any CPU
		{00BC7A2D-28F9-4A53-973F-2C632A4E4546}.Release|Any CPU.Build.0 = Release|Any CPU
		{00BC7A2D-28F9-4A53-973F-2C632A4E4546}.Release|x64.ActiveCfg = Release|Any CPU
		{00BC7A2D-28F9-4A53-973F-2C632A4E4546}.Release|x64.Build.0 = Release|Any CPU
		{00BC7A2D-28F9-4A53-973F-2C632A4E4546}.Release|x86.ActiveCfg = Release|Any CPU
		{00BC7A2D-28F9-4A53-973F-2C632A4E4546}.Release|x86.Build.0 = Release|Any CPU
		{43442D8A-E67C-44DD-9F60-70D3E036A9DF}.Debug|Any CPU.ActiveCfg = Debug|Any CPU
		{43442D8A-E67C-44DD-9F60-70D3E036A9DF}.Debug|Any CPU.Build.0 = Debug|Any CPU
		{43442D8A-E67C-44DD-9F60-70D3E036A9DF}.Debug|x64.ActiveCfg = Debug|Any CPU
		{43442D8A-E67C-44DD-9F60-70D3E036A9DF}.Debug|x64.Build.0 = Debug|Any CPU
		{43442D8A-E67C-44DD-9F60-70D3E036A9DF}.Debug|x86.ActiveCfg = Debug|Any CPU
		{43442D8A-E67C-44DD-9F60-70D3E036A9DF}.Debug|x86.Build.0 = Debug|Any CPU
		{43442D8A-E67C-44DD-9F60-70D3E036A9DF}.Release|Any CPU.ActiveCfg = Release|Any CPU
		{43442D8A-E67C-44DD-9F60-70D3E036A9DF}.Release|Any CPU.Build.0 = Release|Any CPU
		{43442D8A-E67C-44DD-9F60-70D3E036A9DF}.Release|x64.ActiveCfg = Release|Any CPU
		{43442D8A-E67C-44DD-9F60-70D3E036A9DF}.Release|x64.Build.0 = Release|Any CPU
		{43442D8A-E67C-44DD-9F60-70D3E036A9DF}.Release|x86.ActiveCfg = Release|Any CPU
		{43442D8A-E67C-44DD-9F60-70D3E036A9DF}.Release|x86.Build.0 = Release|Any CPU
		{55050198-28E5-4DF8-A1EC-F5B68905F18F}.Debug|Any CPU.ActiveCfg = Debug|Any CPU
		{55050198-28E5-4DF8-A1EC-F5B68905F18F}.Debug|Any CPU.Build.0 = Debug|Any CPU
		{55050198-28E5-4DF8-A1EC-F5B68905F18F}.Debug|x64.ActiveCfg = Debug|Any CPU
		{55050198-28E5-4DF8-A1EC-F5B68905F18F}.Debug|x64.Build.0 = Debug|Any CPU
		{55050198-28E5-4DF8-A1EC-F5B68905F18F}.Debug|x86.ActiveCfg = Debug|Any CPU
		{55050198-28E5-4DF8-A1EC-F5B68905F18F}.Debug|x86.Build.0 = Debug|Any CPU
		{55050198-28E5-4DF8-A1EC-F5B68905F18F}.Release|Any CPU.ActiveCfg = Release|Any CPU
		{55050198-28E5-4DF8-A1EC-F5B68905F18F}.Release|Any CPU.Build.0 = Release|Any CPU
		{55050198-28E5-4DF8-A1EC-F5B68905F18F}.Release|x64.ActiveCfg = Release|Any CPU
		{55050198-28E5-4DF8-A1EC-F5B68905F18F}.Release|x64.Build.0 = Release|Any CPU
		{55050198-28E5-4DF8-A1EC-F5B68905F18F}.Release|x86.ActiveCfg = Release|Any CPU
		{55050198-28E5-4DF8-A1EC-F5B68905F18F}.Release|x86.Build.0 = Release|Any CPU
		{58C7D60B-F9C8-41A2-A9F9-376B54A00F87}.Debug|Any CPU.ActiveCfg = Debug|Any CPU
		{58C7D60B-F9C8-41A2-A9F9-376B54A00F87}.Debug|Any CPU.Build.0 = Debug|Any CPU
		{58C7D60B-F9C8-41A2-A9F9-376B54A00F87}.Debug|x64.ActiveCfg = Debug|Any CPU
		{58C7D60B-F9C8-41A2-A9F9-376B54A00F87}.Debug|x64.Build.0 = Debug|Any CPU
		{58C7D60B-F9C8-41A2-A9F9-376B54A00F87}.Debug|x86.ActiveCfg = Debug|Any CPU
		{58C7D60B-F9C8-41A2-A9F9-376B54A00F87}.Debug|x86.Build.0 = Debug|Any CPU
		{58C7D60B-F9C8-41A2-A9F9-376B54A00F87}.Release|Any CPU.ActiveCfg = Release|Any CPU
		{58C7D60B-F9C8-41A2-A9F9-376B54A00F87}.Release|Any CPU.Build.0 = Release|Any CPU
		{58C7D60B-F9C8-41A2-A9F9-376B54A00F87}.Release|x64.ActiveCfg = Release|Any CPU
		{58C7D60B-F9C8-41A2-A9F9-376B54A00F87}.Release|x64.Build.0 = Release|Any CPU
		{58C7D60B-F9C8-41A2-A9F9-376B54A00F87}.Release|x86.ActiveCfg = Release|Any CPU
		{58C7D60B-F9C8-41A2-A9F9-376B54A00F87}.Release|x86.Build.0 = Release|Any CPU
		{B24C5AED-5B8A-4E91-8E45-72E7A30BB87D}.Debug|Any CPU.ActiveCfg = Debug|Any CPU
		{B24C5AED-5B8A-4E91-8E45-72E7A30BB87D}.Debug|Any CPU.Build.0 = Debug|Any CPU
		{B24C5AED-5B8A-4E91-8E45-72E7A30BB87D}.Debug|x64.ActiveCfg = Debug|Any CPU
		{B24C5AED-5B8A-4E91-8E45-72E7A30BB87D}.Debug|x64.Build.0 = Debug|Any CPU
		{B24C5AED-5B8A-4E91-8E45-72E7A30BB87D}.Debug|x86.ActiveCfg = Debug|Any CPU
		{B24C5AED-5B8A-4E91-8E45-72E7A30BB87D}.Debug|x86.Build.0 = Debug|Any CPU
		{B24C5AED-5B8A-4E91-8E45-72E7A30BB87D}.Release|Any CPU.ActiveCfg = Release|Any CPU
		{B24C5AED-5B8A-4E91-8E45-72E7A30BB87D}.Release|Any CPU.Build.0 = Release|Any CPU
		{B24C5AED-5B8A-4E91-8E45-72E7A30BB87D}.Release|x64.ActiveCfg = Release|Any CPU
		{B24C5AED-5B8A-4E91-8E45-72E7A30BB87D}.Release|x64.Build.0 = Release|Any CPU
		{B24C5AED-5B8A-4E91-8E45-72E7A30BB87D}.Release|x86.ActiveCfg = Release|Any CPU
		{B24C5AED-5B8A-4E91-8E45-72E7A30BB87D}.Release|x86.Build.0 = Release|Any CPU
		{5A8F338C-E2EC-44EF-B073-430CB7A89F4F}.Debug|Any CPU.ActiveCfg = Debug|Any CPU
		{5A8F338C-E2EC-44EF-B073-430CB7A89F4F}.Debug|Any CPU.Build.0 = Debug|Any CPU
		{5A8F338C-E2EC-44EF-B073-430CB7A89F4F}.Debug|x64.ActiveCfg = Debug|Any CPU
		{5A8F338C-E2EC-44EF-B073-430CB7A89F4F}.Debug|x64.Build.0 = Debug|Any CPU
		{5A8F338C-E2EC-44EF-B073-430CB7A89F4F}.Debug|x86.ActiveCfg = Debug|Any CPU
		{5A8F338C-E2EC-44EF-B073-430CB7A89F4F}.Debug|x86.Build.0 = Debug|Any CPU
		{5A8F338C-E2EC-44EF-B073-430CB7A89F4F}.Release|Any CPU.ActiveCfg = Release|Any CPU
		{5A8F338C-E2EC-44EF-B073-430CB7A89F4F}.Release|Any CPU.Build.0 = Release|Any CPU
		{5A8F338C-E2EC-44EF-B073-430CB7A89F4F}.Release|x64.ActiveCfg = Release|Any CPU
		{5A8F338C-E2EC-44EF-B073-430CB7A89F4F}.Release|x64.Build.0 = Release|Any CPU
		{5A8F338C-E2EC-44EF-B073-430CB7A89F4F}.Release|x86.ActiveCfg = Release|Any CPU
		{5A8F338C-E2EC-44EF-B073-430CB7A89F4F}.Release|x86.Build.0 = Release|Any CPU
		{F46FA367-663D-4B6C-B3F3-B5930B917BD3}.Debug|Any CPU.ActiveCfg = Debug|Any CPU
		{F46FA367-663D-4B6C-B3F3-B5930B917BD3}.Debug|Any CPU.Build.0 = Debug|Any CPU
		{F46FA367-663D-4B6C-B3F3-B5930B917BD3}.Debug|x64.ActiveCfg = Debug|Any CPU
		{F46FA367-663D-4B6C-B3F3-B5930B917BD3}.Debug|x64.Build.0 = Debug|Any CPU
		{F46FA367-663D-4B6C-B3F3-B5930B917BD3}.Debug|x86.ActiveCfg = Debug|Any CPU
		{F46FA367-663D-4B6C-B3F3-B5930B917BD3}.Debug|x86.Build.0 = Debug|Any CPU
		{F46FA367-663D-4B6C-B3F3-B5930B917BD3}.Release|Any CPU.ActiveCfg = Release|Any CPU
		{F46FA367-663D-4B6C-B3F3-B5930B917BD3}.Release|Any CPU.Build.0 = Release|Any CPU
		{F46FA367-663D-4B6C-B3F3-B5930B917BD3}.Release|x64.ActiveCfg = Release|Any CPU
		{F46FA367-663D-4B6C-B3F3-B5930B917BD3}.Release|x64.Build.0 = Release|Any CPU
		{F46FA367-663D-4B6C-B3F3-B5930B917BD3}.Release|x86.ActiveCfg = Release|Any CPU
		{F46FA367-663D-4B6C-B3F3-B5930B917BD3}.Release|x86.Build.0 = Release|Any CPU
		{F7A50561-BD32-46FA-8443-AD7B3BA91C42}.Debug|Any CPU.ActiveCfg = Debug|Any CPU
		{F7A50561-BD32-46FA-8443-AD7B3BA91C42}.Debug|Any CPU.Build.0 = Debug|Any CPU
		{F7A50561-BD32-46FA-8443-AD7B3BA91C42}.Debug|x64.ActiveCfg = Debug|Any CPU
		{F7A50561-BD32-46FA-8443-AD7B3BA91C42}.Debug|x64.Build.0 = Debug|Any CPU
		{F7A50561-BD32-46FA-8443-AD7B3BA91C42}.Debug|x86.ActiveCfg = Debug|Any CPU
		{F7A50561-BD32-46FA-8443-AD7B3BA91C42}.Debug|x86.Build.0 = Debug|Any CPU
		{F7A50561-BD32-46FA-8443-AD7B3BA91C42}.Release|Any CPU.ActiveCfg = Release|Any CPU
		{F7A50561-BD32-46FA-8443-AD7B3BA91C42}.Release|Any CPU.Build.0 = Release|Any CPU
		{F7A50561-BD32-46FA-8443-AD7B3BA91C42}.Release|x64.ActiveCfg = Release|Any CPU
		{F7A50561-BD32-46FA-8443-AD7B3BA91C42}.Release|x64.Build.0 = Release|Any CPU
		{F7A50561-BD32-46FA-8443-AD7B3BA91C42}.Release|x86.ActiveCfg = Release|Any CPU
		{F7A50561-BD32-46FA-8443-AD7B3BA91C42}.Release|x86.Build.0 = Release|Any CPU
		{46C5803D-BE8B-4A9E-A5FC-217F728CAEE0}.Debug|Any CPU.ActiveCfg = Debug|Any CPU
		{46C5803D-BE8B-4A9E-A5FC-217F728CAEE0}.Debug|Any CPU.Build.0 = Debug|Any CPU
		{46C5803D-BE8B-4A9E-A5FC-217F728CAEE0}.Debug|x64.ActiveCfg = Debug|Any CPU
		{46C5803D-BE8B-4A9E-A5FC-217F728CAEE0}.Debug|x64.Build.0 = Debug|Any CPU
		{46C5803D-BE8B-4A9E-A5FC-217F728CAEE0}.Debug|x86.ActiveCfg = Debug|Any CPU
		{46C5803D-BE8B-4A9E-A5FC-217F728CAEE0}.Debug|x86.Build.0 = Debug|Any CPU
		{46C5803D-BE8B-4A9E-A5FC-217F728CAEE0}.Release|Any CPU.ActiveCfg = Release|Any CPU
		{46C5803D-BE8B-4A9E-A5FC-217F728CAEE0}.Release|Any CPU.Build.0 = Release|Any CPU
		{46C5803D-BE8B-4A9E-A5FC-217F728CAEE0}.Release|x64.ActiveCfg = Release|Any CPU
		{46C5803D-BE8B-4A9E-A5FC-217F728CAEE0}.Release|x64.Build.0 = Release|Any CPU
		{46C5803D-BE8B-4A9E-A5FC-217F728CAEE0}.Release|x86.ActiveCfg = Release|Any CPU
		{46C5803D-BE8B-4A9E-A5FC-217F728CAEE0}.Release|x86.Build.0 = Release|Any CPU
		{682C6A7C-D78A-41C6-A3FA-6480A0B05A9A}.Debug|Any CPU.ActiveCfg = Debug|Any CPU
		{682C6A7C-D78A-41C6-A3FA-6480A0B05A9A}.Debug|Any CPU.Build.0 = Debug|Any CPU
		{682C6A7C-D78A-41C6-A3FA-6480A0B05A9A}.Debug|x64.ActiveCfg = Debug|Any CPU
		{682C6A7C-D78A-41C6-A3FA-6480A0B05A9A}.Debug|x64.Build.0 = Debug|Any CPU
		{682C6A7C-D78A-41C6-A3FA-6480A0B05A9A}.Debug|x86.ActiveCfg = Debug|Any CPU
		{682C6A7C-D78A-41C6-A3FA-6480A0B05A9A}.Debug|x86.Build.0 = Debug|Any CPU
		{682C6A7C-D78A-41C6-A3FA-6480A0B05A9A}.Release|Any CPU.ActiveCfg = Release|Any CPU
		{682C6A7C-D78A-41C6-A3FA-6480A0B05A9A}.Release|Any CPU.Build.0 = Release|Any CPU
		{682C6A7C-D78A-41C6-A3FA-6480A0B05A9A}.Release|x64.ActiveCfg = Release|Any CPU
		{682C6A7C-D78A-41C6-A3FA-6480A0B05A9A}.Release|x64.Build.0 = Release|Any CPU
		{682C6A7C-D78A-41C6-A3FA-6480A0B05A9A}.Release|x86.ActiveCfg = Release|Any CPU
		{682C6A7C-D78A-41C6-A3FA-6480A0B05A9A}.Release|x86.Build.0 = Release|Any CPU
		{78FEA584-3C08-4D01-B02F-DB76F35A4391}.Debug|Any CPU.ActiveCfg = Debug|Any CPU
		{78FEA584-3C08-4D01-B02F-DB76F35A4391}.Debug|Any CPU.Build.0 = Debug|Any CPU
		{78FEA584-3C08-4D01-B02F-DB76F35A4391}.Debug|x64.ActiveCfg = Debug|Any CPU
		{78FEA584-3C08-4D01-B02F-DB76F35A4391}.Debug|x64.Build.0 = Debug|Any CPU
		{78FEA584-3C08-4D01-B02F-DB76F35A4391}.Debug|x86.ActiveCfg = Debug|Any CPU
		{78FEA584-3C08-4D01-B02F-DB76F35A4391}.Debug|x86.Build.0 = Debug|Any CPU
		{78FEA584-3C08-4D01-B02F-DB76F35A4391}.Release|Any CPU.ActiveCfg = Release|Any CPU
		{78FEA584-3C08-4D01-B02F-DB76F35A4391}.Release|Any CPU.Build.0 = Release|Any CPU
		{78FEA584-3C08-4D01-B02F-DB76F35A4391}.Release|x64.ActiveCfg = Release|Any CPU
		{78FEA584-3C08-4D01-B02F-DB76F35A4391}.Release|x64.Build.0 = Release|Any CPU
		{78FEA584-3C08-4D01-B02F-DB76F35A4391}.Release|x86.ActiveCfg = Release|Any CPU
		{78FEA584-3C08-4D01-B02F-DB76F35A4391}.Release|x86.Build.0 = Release|Any CPU
		{0790B8BD-2942-4A57-A894-59B648CC8AA8}.Debug|Any CPU.ActiveCfg = Debug|Any CPU
		{0790B8BD-2942-4A57-A894-59B648CC8AA8}.Debug|Any CPU.Build.0 = Debug|Any CPU
		{0790B8BD-2942-4A57-A894-59B648CC8AA8}.Debug|x64.ActiveCfg = Debug|Any CPU
		{0790B8BD-2942-4A57-A894-59B648CC8AA8}.Debug|x64.Build.0 = Debug|Any CPU
		{0790B8BD-2942-4A57-A894-59B648CC8AA8}.Debug|x86.ActiveCfg = Debug|Any CPU
		{0790B8BD-2942-4A57-A894-59B648CC8AA8}.Debug|x86.Build.0 = Debug|Any CPU
		{0790B8BD-2942-4A57-A894-59B648CC8AA8}.Release|Any CPU.ActiveCfg = Release|Any CPU
		{0790B8BD-2942-4A57-A894-59B648CC8AA8}.Release|Any CPU.Build.0 = Release|Any CPU
		{0790B8BD-2942-4A57-A894-59B648CC8AA8}.Release|x64.ActiveCfg = Release|Any CPU
		{0790B8BD-2942-4A57-A894-59B648CC8AA8}.Release|x64.Build.0 = Release|Any CPU
		{0790B8BD-2942-4A57-A894-59B648CC8AA8}.Release|x86.ActiveCfg = Release|Any CPU
		{0790B8BD-2942-4A57-A894-59B648CC8AA8}.Release|x86.Build.0 = Release|Any CPU
		{1897702A-E831-4ECC-B016-85F6C4FACBE6}.Debug|Any CPU.ActiveCfg = Debug|Any CPU
		{1897702A-E831-4ECC-B016-85F6C4FACBE6}.Debug|Any CPU.Build.0 = Debug|Any CPU
		{1897702A-E831-4ECC-B016-85F6C4FACBE6}.Debug|x64.ActiveCfg = Debug|Any CPU
		{1897702A-E831-4ECC-B016-85F6C4FACBE6}.Debug|x64.Build.0 = Debug|Any CPU
		{1897702A-E831-4ECC-B016-85F6C4FACBE6}.Debug|x86.ActiveCfg = Debug|Any CPU
		{1897702A-E831-4ECC-B016-85F6C4FACBE6}.Debug|x86.Build.0 = Debug|Any CPU
		{1897702A-E831-4ECC-B016-85F6C4FACBE6}.Release|Any CPU.ActiveCfg = Release|Any CPU
		{1897702A-E831-4ECC-B016-85F6C4FACBE6}.Release|Any CPU.Build.0 = Release|Any CPU
		{1897702A-E831-4ECC-B016-85F6C4FACBE6}.Release|x64.ActiveCfg = Release|Any CPU
		{1897702A-E831-4ECC-B016-85F6C4FACBE6}.Release|x64.Build.0 = Release|Any CPU
		{1897702A-E831-4ECC-B016-85F6C4FACBE6}.Release|x86.ActiveCfg = Release|Any CPU
		{1897702A-E831-4ECC-B016-85F6C4FACBE6}.Release|x86.Build.0 = Release|Any CPU
		{7266FEB7-73EE-4E20-8350-18E2D770172F}.Debug|Any CPU.ActiveCfg = Debug|Any CPU
		{7266FEB7-73EE-4E20-8350-18E2D770172F}.Debug|Any CPU.Build.0 = Debug|Any CPU
		{7266FEB7-73EE-4E20-8350-18E2D770172F}.Debug|x64.ActiveCfg = Debug|Any CPU
		{7266FEB7-73EE-4E20-8350-18E2D770172F}.Debug|x64.Build.0 = Debug|Any CPU
		{7266FEB7-73EE-4E20-8350-18E2D770172F}.Debug|x86.ActiveCfg = Debug|Any CPU
		{7266FEB7-73EE-4E20-8350-18E2D770172F}.Debug|x86.Build.0 = Debug|Any CPU
		{7266FEB7-73EE-4E20-8350-18E2D770172F}.Release|Any CPU.ActiveCfg = Release|Any CPU
		{7266FEB7-73EE-4E20-8350-18E2D770172F}.Release|Any CPU.Build.0 = Release|Any CPU
		{7266FEB7-73EE-4E20-8350-18E2D770172F}.Release|x64.ActiveCfg = Release|Any CPU
		{7266FEB7-73EE-4E20-8350-18E2D770172F}.Release|x64.Build.0 = Release|Any CPU
		{7266FEB7-73EE-4E20-8350-18E2D770172F}.Release|x86.ActiveCfg = Release|Any CPU
		{7266FEB7-73EE-4E20-8350-18E2D770172F}.Release|x86.Build.0 = Release|Any CPU
		{D5D70FFC-CA57-43DF-BF8D-352AC5424800}.Debug|Any CPU.ActiveCfg = Debug|Any CPU
		{D5D70FFC-CA57-43DF-BF8D-352AC5424800}.Debug|Any CPU.Build.0 = Debug|Any CPU
		{D5D70FFC-CA57-43DF-BF8D-352AC5424800}.Debug|x64.ActiveCfg = Debug|Any CPU
		{D5D70FFC-CA57-43DF-BF8D-352AC5424800}.Debug|x64.Build.0 = Debug|Any CPU
		{D5D70FFC-CA57-43DF-BF8D-352AC5424800}.Debug|x86.ActiveCfg = Debug|Any CPU
		{D5D70FFC-CA57-43DF-BF8D-352AC5424800}.Debug|x86.Build.0 = Debug|Any CPU
		{D5D70FFC-CA57-43DF-BF8D-352AC5424800}.Release|Any CPU.ActiveCfg = Release|Any CPU
		{D5D70FFC-CA57-43DF-BF8D-352AC5424800}.Release|Any CPU.Build.0 = Release|Any CPU
		{D5D70FFC-CA57-43DF-BF8D-352AC5424800}.Release|x64.ActiveCfg = Release|Any CPU
		{D5D70FFC-CA57-43DF-BF8D-352AC5424800}.Release|x64.Build.0 = Release|Any CPU
		{D5D70FFC-CA57-43DF-BF8D-352AC5424800}.Release|x86.ActiveCfg = Release|Any CPU
		{D5D70FFC-CA57-43DF-BF8D-352AC5424800}.Release|x86.Build.0 = Release|Any CPU
		{8E5DE007-B78B-41BB-947D-18E8A41019A4}.Debug|Any CPU.ActiveCfg = Debug|Any CPU
		{8E5DE007-B78B-41BB-947D-18E8A41019A4}.Debug|Any CPU.Build.0 = Debug|Any CPU
		{8E5DE007-B78B-41BB-947D-18E8A41019A4}.Debug|x64.ActiveCfg = Debug|Any CPU
		{8E5DE007-B78B-41BB-947D-18E8A41019A4}.Debug|x64.Build.0 = Debug|Any CPU
		{8E5DE007-B78B-41BB-947D-18E8A41019A4}.Debug|x86.ActiveCfg = Debug|Any CPU
		{8E5DE007-B78B-41BB-947D-18E8A41019A4}.Debug|x86.Build.0 = Debug|Any CPU
		{8E5DE007-B78B-41BB-947D-18E8A41019A4}.Release|Any CPU.ActiveCfg = Release|Any CPU
		{8E5DE007-B78B-41BB-947D-18E8A41019A4}.Release|Any CPU.Build.0 = Release|Any CPU
		{8E5DE007-B78B-41BB-947D-18E8A41019A4}.Release|x64.ActiveCfg = Release|Any CPU
		{8E5DE007-B78B-41BB-947D-18E8A41019A4}.Release|x64.Build.0 = Release|Any CPU
		{8E5DE007-B78B-41BB-947D-18E8A41019A4}.Release|x86.ActiveCfg = Release|Any CPU
		{8E5DE007-B78B-41BB-947D-18E8A41019A4}.Release|x86.Build.0 = Release|Any CPU
	EndGlobalSection
	GlobalSection(SolutionProperties) = preSolution
		HideSolutionNode = FALSE
	EndGlobalSection
	GlobalSection(NestedProjects) = preSolution
		{8E5DE007-B78B-41BB-947D-18E8A41019A4} = {AEA2CC44-C28C-44B9-8973-FAFE8195992E}
	EndGlobalSection
	GlobalSection(ExtensibilityGlobals) = postSolution
		SolutionGuid = {B65208A5-5591-4AF0-A109-B4421088FA3F}
	EndGlobalSection
EndGlobal
