Microsoft Visual Studio Solution File, Format Version 12.00
# Visual Studio 15
VisualStudioVersion = 15.0.27004.2006
MinimumVisualStudioVersion = 10.0.40219.1
Project("{FAE04EC0-301F-11D3-BF4B-00C04F79EFBC}") = "TddToolkit", "TddToolkit\TddToolkit.csproj", "{A52E21F4-2301-4F4E-9361-BE954FB490A0}"
EndProject
Project("{FAE04EC0-301F-11D3-BF4B-00C04F79EFBC}") = "TddToolkitSpecification", "TddToolkitSpecification\TddToolkitSpecification.csproj", "{DA7531D4-39EB-4513-9D03-E34C9C97C4F3}"
EndProject
Project("{2150E333-8FDC-42A3-9474-1A3956D46DE8}") = ".nuget", ".nuget", "{8CC2BBCB-AA49-4C1B-A546-B4AB6AE0EF4D}"
	ProjectSection(SolutionItems) = preProject
		GCop.json = GCop.json
		.nuget\NuGet.Config = .nuget\NuGet.Config
		.nuget\NuGet.exe = .nuget\NuGet.exe
		.nuget\NuGet.targets = .nuget\NuGet.targets
	EndProjectSection
EndProject
Project("{FAE04EC0-301F-11D3-BF4B-00C04F79EFBC}") = "TypeReflectionSpecification", "TypeReflectionSpecification\TypeReflectionSpecification.csproj", "{89E88234-23DC-4C91-8182-ADB3826D9CF2}"
EndProject
Project("{2150E333-8FDC-42A3-9474-1A3956D46DE8}") = "CI", "CI", "{E003F0DB-D5BD-456A-BD1A-A2B9806BCF60}"
	ProjectSection(SolutionItems) = preProject
		.travis.yml = .travis.yml
		appveyor.yml = appveyor.yml
		LICENSE = LICENSE
		README.md = README.md
	EndProjectSection
EndProject
Project("{2150E333-8FDC-42A3-9474-1A3956D46DE8}") = "TypeReflectionImplementation", "TypeReflectionImplementation", "{E83492AF-2EA9-4E27-A28E-3D887B154BA3}"
EndProject
Project("{9A19103F-16F7-4668-BE54-9A1E7A4F7556}") = "CommonTypes", "CommonTypes\CommonTypes.csproj", "{C71F0FEA-E0E7-4456-AA0B-CD82133E12D2}"
EndProject
Project("{9A19103F-16F7-4668-BE54-9A1E7A4F7556}") = "TypeReflection.Interfaces", "TypeReflection.Interfaces\TypeReflection.Interfaces.csproj", "{1B4C8B73-149B-49E6-B664-8D186D16AFB7}"
EndProject
Project("{9A19103F-16F7-4668-BE54-9A1E7A4F7556}") = "TypeReflection.ImplementationDetails", "TypeReflection.ImplementationDetails\TypeReflection.ImplementationDetails.csproj", "{840262F3-27A4-4AC9-BB55-C7181E5C8AEE}"
EndProject
Project("{9A19103F-16F7-4668-BE54-9A1E7A4F7556}") = "TypeReflection", "TypeReflection\TypeReflection.csproj", "{720585E8-0EB0-46B2-9155-69DD2F9CA0A1}"
EndProject
Project("{FAE04EC0-301F-11D3-BF4B-00C04F79EFBC}") = "EqualsAssertions", "EqualsAssertions\EqualsAssertions.csproj", "{1A986A1A-A8EF-46A8-BB38-F4F0A9A58EF4}"
EndProject
Project("{FAE04EC0-301F-11D3-BF4B-00C04F79EFBC}") = "AssertionConstraints", "AssertionConstraints\AssertionConstraints.csproj", "{BC1B5566-207F-47EB-8AD2-E7AE08894E77}"
EndProject
Project("{FAE04EC0-301F-11D3-BF4B-00C04F79EFBC}") = "ValueActivation", "ValueActivation\ValueActivation.csproj", "{D6F0E12E-1699-440B-B48C-9FA722E38054}"
EndProject
Project("{FAE04EC0-301F-11D3-BF4B-00C04F79EFBC}") = "ValueObjectConstraints", "ValueObjectConstraints\ValueObjectConstraints.csproj", "{39A44591-A8E9-4AAB-B106-E839B6BDF86C}"
EndProject
Project("{FAE04EC0-301F-11D3-BF4B-00C04F79EFBC}") = "GraphAssertions", "GraphAssertions\GraphAssertions.csproj", "{FAEA6B32-964D-49C9-9A94-536999E7CC47}"
EndProject
Project("{FAE04EC0-301F-11D3-BF4B-00C04F79EFBC}") = "LockAssertions", "LockAssertions\LockAssertions.csproj", "{C1DBE00B-C113-40F6-A407-0ACCF334BDCF}"
EndProject
Project("{FAE04EC0-301F-11D3-BF4B-00C04F79EFBC}") = "ConstructorRetrieval", "ConstructorRetrieval\ConstructorRetrieval.csproj", "{DF177708-C9A4-4367-8D93-0DD9BBDD6E33}"
EndProject
Global
	GlobalSection(SolutionConfigurationPlatforms) = preSolution
		Debug|Any CPU = Debug|Any CPU
		Release|Any CPU = Release|Any CPU
	EndGlobalSection
	GlobalSection(ProjectConfigurationPlatforms) = postSolution
		{A52E21F4-2301-4F4E-9361-BE954FB490A0}.Debug|Any CPU.ActiveCfg = Debug|Any CPU
		{A52E21F4-2301-4F4E-9361-BE954FB490A0}.Debug|Any CPU.Build.0 = Debug|Any CPU
		{A52E21F4-2301-4F4E-9361-BE954FB490A0}.Release|Any CPU.ActiveCfg = Release|Any CPU
		{A52E21F4-2301-4F4E-9361-BE954FB490A0}.Release|Any CPU.Build.0 = Release|Any CPU
		{DA7531D4-39EB-4513-9D03-E34C9C97C4F3}.Debug|Any CPU.ActiveCfg = Debug|Any CPU
		{DA7531D4-39EB-4513-9D03-E34C9C97C4F3}.Debug|Any CPU.Build.0 = Debug|Any CPU
		{DA7531D4-39EB-4513-9D03-E34C9C97C4F3}.Release|Any CPU.ActiveCfg = Release|Any CPU
		{DA7531D4-39EB-4513-9D03-E34C9C97C4F3}.Release|Any CPU.Build.0 = Release|Any CPU
		{89E88234-23DC-4C91-8182-ADB3826D9CF2}.Debug|Any CPU.ActiveCfg = Debug|Any CPU
		{89E88234-23DC-4C91-8182-ADB3826D9CF2}.Debug|Any CPU.Build.0 = Debug|Any CPU
		{89E88234-23DC-4C91-8182-ADB3826D9CF2}.Release|Any CPU.ActiveCfg = Release|Any CPU
		{89E88234-23DC-4C91-8182-ADB3826D9CF2}.Release|Any CPU.Build.0 = Release|Any CPU
		{C71F0FEA-E0E7-4456-AA0B-CD82133E12D2}.Debug|Any CPU.ActiveCfg = Debug|Any CPU
		{C71F0FEA-E0E7-4456-AA0B-CD82133E12D2}.Debug|Any CPU.Build.0 = Debug|Any CPU
		{C71F0FEA-E0E7-4456-AA0B-CD82133E12D2}.Release|Any CPU.ActiveCfg = Release|Any CPU
		{C71F0FEA-E0E7-4456-AA0B-CD82133E12D2}.Release|Any CPU.Build.0 = Release|Any CPU
		{1B4C8B73-149B-49E6-B664-8D186D16AFB7}.Debug|Any CPU.ActiveCfg = Debug|Any CPU
		{1B4C8B73-149B-49E6-B664-8D186D16AFB7}.Debug|Any CPU.Build.0 = Debug|Any CPU
		{1B4C8B73-149B-49E6-B664-8D186D16AFB7}.Release|Any CPU.ActiveCfg = Release|Any CPU
		{1B4C8B73-149B-49E6-B664-8D186D16AFB7}.Release|Any CPU.Build.0 = Release|Any CPU
		{840262F3-27A4-4AC9-BB55-C7181E5C8AEE}.Debug|Any CPU.ActiveCfg = Debug|Any CPU
		{840262F3-27A4-4AC9-BB55-C7181E5C8AEE}.Debug|Any CPU.Build.0 = Debug|Any CPU
		{840262F3-27A4-4AC9-BB55-C7181E5C8AEE}.Release|Any CPU.ActiveCfg = Release|Any CPU
		{840262F3-27A4-4AC9-BB55-C7181E5C8AEE}.Release|Any CPU.Build.0 = Release|Any CPU
		{720585E8-0EB0-46B2-9155-69DD2F9CA0A1}.Debug|Any CPU.ActiveCfg = Debug|Any CPU
		{720585E8-0EB0-46B2-9155-69DD2F9CA0A1}.Debug|Any CPU.Build.0 = Debug|Any CPU
		{720585E8-0EB0-46B2-9155-69DD2F9CA0A1}.Release|Any CPU.ActiveCfg = Release|Any CPU
		{720585E8-0EB0-46B2-9155-69DD2F9CA0A1}.Release|Any CPU.Build.0 = Release|Any CPU
		{1A986A1A-A8EF-46A8-BB38-F4F0A9A58EF4}.Debug|Any CPU.ActiveCfg = Debug|Any CPU
		{1A986A1A-A8EF-46A8-BB38-F4F0A9A58EF4}.Debug|Any CPU.Build.0 = Debug|Any CPU
		{1A986A1A-A8EF-46A8-BB38-F4F0A9A58EF4}.Release|Any CPU.ActiveCfg = Release|Any CPU
		{1A986A1A-A8EF-46A8-BB38-F4F0A9A58EF4}.Release|Any CPU.Build.0 = Release|Any CPU
		{BC1B5566-207F-47EB-8AD2-E7AE08894E77}.Debug|Any CPU.ActiveCfg = Debug|Any CPU
		{BC1B5566-207F-47EB-8AD2-E7AE08894E77}.Debug|Any CPU.Build.0 = Debug|Any CPU
		{BC1B5566-207F-47EB-8AD2-E7AE08894E77}.Release|Any CPU.ActiveCfg = Release|Any CPU
		{BC1B5566-207F-47EB-8AD2-E7AE08894E77}.Release|Any CPU.Build.0 = Release|Any CPU
		{D6F0E12E-1699-440B-B48C-9FA722E38054}.Debug|Any CPU.ActiveCfg = Debug|Any CPU
		{D6F0E12E-1699-440B-B48C-9FA722E38054}.Debug|Any CPU.Build.0 = Debug|Any CPU
		{D6F0E12E-1699-440B-B48C-9FA722E38054}.Release|Any CPU.ActiveCfg = Release|Any CPU
		{D6F0E12E-1699-440B-B48C-9FA722E38054}.Release|Any CPU.Build.0 = Release|Any CPU
		{39A44591-A8E9-4AAB-B106-E839B6BDF86C}.Debug|Any CPU.ActiveCfg = Debug|Any CPU
		{39A44591-A8E9-4AAB-B106-E839B6BDF86C}.Debug|Any CPU.Build.0 = Debug|Any CPU
		{39A44591-A8E9-4AAB-B106-E839B6BDF86C}.Release|Any CPU.ActiveCfg = Release|Any CPU
		{39A44591-A8E9-4AAB-B106-E839B6BDF86C}.Release|Any CPU.Build.0 = Release|Any CPU
		{FAEA6B32-964D-49C9-9A94-536999E7CC47}.Debug|Any CPU.ActiveCfg = Debug|Any CPU
		{FAEA6B32-964D-49C9-9A94-536999E7CC47}.Debug|Any CPU.Build.0 = Debug|Any CPU
		{FAEA6B32-964D-49C9-9A94-536999E7CC47}.Release|Any CPU.ActiveCfg = Release|Any CPU
		{FAEA6B32-964D-49C9-9A94-536999E7CC47}.Release|Any CPU.Build.0 = Release|Any CPU
		{C1DBE00B-C113-40F6-A407-0ACCF334BDCF}.Debug|Any CPU.ActiveCfg = Debug|Any CPU
		{C1DBE00B-C113-40F6-A407-0ACCF334BDCF}.Debug|Any CPU.Build.0 = Debug|Any CPU
		{C1DBE00B-C113-40F6-A407-0ACCF334BDCF}.Release|Any CPU.ActiveCfg = Release|Any CPU
		{C1DBE00B-C113-40F6-A407-0ACCF334BDCF}.Release|Any CPU.Build.0 = Release|Any CPU
		{DF177708-C9A4-4367-8D93-0DD9BBDD6E33}.Debug|Any CPU.ActiveCfg = Debug|Any CPU
		{DF177708-C9A4-4367-8D93-0DD9BBDD6E33}.Debug|Any CPU.Build.0 = Debug|Any CPU
		{DF177708-C9A4-4367-8D93-0DD9BBDD6E33}.Release|Any CPU.ActiveCfg = Release|Any CPU
		{DF177708-C9A4-4367-8D93-0DD9BBDD6E33}.Release|Any CPU.Build.0 = Release|Any CPU
	EndGlobalSection
	GlobalSection(SolutionProperties) = preSolution
		HideSolutionNode = FALSE
	EndGlobalSection
	GlobalSection(NestedProjects) = preSolution
		{89E88234-23DC-4C91-8182-ADB3826D9CF2} = {E83492AF-2EA9-4E27-A28E-3D887B154BA3}
		{1B4C8B73-149B-49E6-B664-8D186D16AFB7} = {E83492AF-2EA9-4E27-A28E-3D887B154BA3}
		{840262F3-27A4-4AC9-BB55-C7181E5C8AEE} = {E83492AF-2EA9-4E27-A28E-3D887B154BA3}
		{720585E8-0EB0-46B2-9155-69DD2F9CA0A1} = {E83492AF-2EA9-4E27-A28E-3D887B154BA3}
	EndGlobalSection
	GlobalSection(ExtensibilityGlobals) = postSolution
		SolutionGuid = {0EDCB828-B45B-4E92-84EB-7E1C14843EF6}
	EndGlobalSection
	GlobalSection(MonoDevelopProperties) = preSolution
		StartupItem = TddToolkit\TddToolkit.csproj
	EndGlobalSection
EndGlobal
